
Microsoft Visual Studio Solution File, Format Version 12.00
# Visual Studio Version 16
VisualStudioVersion = 16.0.29519.181
MinimumVisualStudioVersion = 10.0.40219.1
Project("{9A19103F-16F7-4668-BE54-9A1E7A4F7556}") = "Runly.Examples.Census", "Runly.Examples.Census\Runly.Examples.Census.csproj", "{29732F41-3E20-4A57-8042-999CAF52C4F8}"
EndProject
Project("{FAE04EC0-301F-11D3-BF4B-00C04F79EFBC}") = "Runly.Examples.Census.Tests", "Runly.Examples.Census.Tests\Runly.Examples.Census.Tests.csproj", "{9E65B1E3-8DD6-4505-9AB2-F262577C0EFF}"
EndProject
Global
	GlobalSection(SolutionConfigurationPlatforms) = preSolution
		Debug|Any CPU = Debug|Any CPU
		Release|Any CPU = Release|Any CPU
	EndGlobalSection
	GlobalSection(ProjectConfigurationPlatforms) = postSolution
		{29732F41-3E20-4A57-8042-999CAF52C4F8}.Debug|Any CPU.ActiveCfg = Debug|Any CPU
		{29732F41-3E20-4A57-8042-999CAF52C4F8}.Debug|Any CPU.Build.0 = Debug|Any CPU
		{29732F41-3E20-4A57-8042-999CAF52C4F8}.Release|Any CPU.ActiveCfg = Release|Any CPU
		{29732F41-3E20-4A57-8042-999CAF52C4F8}.Release|Any CPU.Build.0 = Release|Any CPU
		{9E65B1E3-8DD6-4505-9AB2-F262577C0EFF}.Debug|Any CPU.ActiveCfg = Debug|Any CPU
		{9E65B1E3-8DD6-4505-9AB2-F262577C0EFF}.Debug|Any CPU.Build.0 = Debug|Any CPU
		{9E65B1E3-8DD6-4505-9AB2-F262577C0EFF}.Release|Any CPU.ActiveCfg = Release|Any CPU
		{9E65B1E3-8DD6-4505-9AB2-F262577C0EFF}.Release|Any CPU.Build.0 = Release|Any CPU
	EndGlobalSection
	GlobalSection(SolutionProperties) = preSolution
		HideSolutionNode = FALSE
	EndGlobalSection
	GlobalSection(ExtensibilityGlobals) = postSolution
		SolutionGuid = {9A0C9857-3EC2-415A-B7CB-A00523CEFBD4}
	EndGlobalSection
EndGlobal
